// !$*UTF8*$!
{
	archiveVersion = 1;
	classes = {
	};
	objectVersion = 55;
	objects = {

/* Begin PBXBuildFile section */
		CB1406D82769C5F9008D50D5 /* CategoryCell.swift in Sources */ = {isa = PBXBuildFile; fileRef = CB1406D72769C5F8008D50D5 /* CategoryCell.swift */; };
		CB23699A2734DB4000E9DB97 /* ChinaLandMarkApp.swift in Sources */ = {isa = PBXBuildFile; fileRef = CB2369992734DB4000E9DB97 /* ChinaLandMarkApp.swift */; };
		CB23699E2734DB4400E9DB97 /* Assets.xcassets in Resources */ = {isa = PBXBuildFile; fileRef = CB23699D2734DB4400E9DB97 /* Assets.xcassets */; };
		CB2369A12734DB4400E9DB97 /* Preview Assets.xcassets in Resources */ = {isa = PBXBuildFile; fileRef = CB2369A02734DB4400E9DB97 /* Preview Assets.xcassets */; };
		CB2369A82734DED000E9DB97 /* LandmarkDetail.swift in Sources */ = {isa = PBXBuildFile; fileRef = CB2369A72734DED000E9DB97 /* LandmarkDetail.swift */; };
		CB2369AA2735068E00E9DB97 /* MapView.swift in Sources */ = {isa = PBXBuildFile; fileRef = CB2369A92735068E00E9DB97 /* MapView.swift */; };
		CB2369AE27351D3F00E9DB97 /* Landmark.swift in Sources */ = {isa = PBXBuildFile; fileRef = CB2369AD27351D3F00E9DB97 /* Landmark.swift */; };
		CB2369B227351F0D00E9DB97 /* LandmarkList.swift in Sources */ = {isa = PBXBuildFile; fileRef = CB2369B127351F0D00E9DB97 /* LandmarkList.swift */; };
		CB2369B427351F1E00E9DB97 /* LandmarkCell.swift in Sources */ = {isa = PBXBuildFile; fileRef = CB2369B327351F1E00E9DB97 /* LandmarkCell.swift */; };
		CB68E49B273BAC920009B2B8 /* Home.swift in Sources */ = {isa = PBXBuildFile; fileRef = CB68E49A273BAC920009B2B8 /* Home.swift */; };
		CB8F64B6273A0F7100999CEC /* UserData.swift in Sources */ = {isa = PBXBuildFile; fileRef = CB8F64B5273A0F7100999CEC /* UserData.swift */; };
		CB8F64BA273A43EF00999CEC /* Hike.swift in Sources */ = {isa = PBXBuildFile; fileRef = CB8F64B9273A43EF00999CEC /* Hike.swift */; };
		CB8F64BC273A441800999CEC /* hikeData.json in Resources */ = {isa = PBXBuildFile; fileRef = CB8F64BB273A441800999CEC /* hikeData.json */; };
		CB8F64BF273A443000999CEC /* HikeGraph.swift in Sources */ = {isa = PBXBuildFile; fileRef = CB8F64BD273A443000999CEC /* HikeGraph.swift */; };
		CB8F64C0273A443000999CEC /* GraphCapsule.swift in Sources */ = {isa = PBXBuildFile; fileRef = CB8F64BE273A443000999CEC /* GraphCapsule.swift */; };
		CB8F64C2273A444B00999CEC /* HikeView.swift in Sources */ = {isa = PBXBuildFile; fileRef = CB8F64C1273A444B00999CEC /* HikeView.swift */; };
/* End PBXBuildFile section */

/* Begin PBXFileReference section */
		CB1406D72769C5F8008D50D5 /* CategoryCell.swift */ = {isa = PBXFileReference; lastKnownFileType = sourcecode.swift; path = CategoryCell.swift; sourceTree = "<group>"; };
		CB2369962734DB4000E9DB97 /* ChinaLandMark.app */ = {isa = PBXFileReference; explicitFileType = wrapper.application; includeInIndex = 0; path = ChinaLandMark.app; sourceTree = BUILT_PRODUCTS_DIR; };
		CB2369992734DB4000E9DB97 /* ChinaLandMarkApp.swift */ = {isa = PBXFileReference; lastKnownFileType = sourcecode.swift; path = ChinaLandMarkApp.swift; sourceTree = "<group>"; };
		CB23699D2734DB4400E9DB97 /* Assets.xcassets */ = {isa = PBXFileReference; lastKnownFileType = folder.assetcatalog; path = Assets.xcassets; sourceTree = "<group>"; };
		CB2369A02734DB4400E9DB97 /* Preview Assets.xcassets */ = {isa = PBXFileReference; lastKnownFileType = folder.assetcatalog; path = "Preview Assets.xcassets"; sourceTree = "<group>"; };
		CB2369A72734DED000E9DB97 /* LandmarkDetail.swift */ = {isa = PBXFileReference; lastKnownFileType = sourcecode.swift; path = LandmarkDetail.swift; sourceTree = "<group>"; };
		CB2369A92735068E00E9DB97 /* MapView.swift */ = {isa = PBXFileReference; lastKnownFileType = sourcecode.swift; path = MapView.swift; sourceTree = "<group>"; };
		CB2369AD27351D3F00E9DB97 /* Landmark.swift */ = {isa = PBXFileReference; fileEncoding = 4; lastKnownFileType = sourcecode.swift; path = Landmark.swift; sourceTree = "<group>"; };
		CB2369B127351F0D00E9DB97 /* LandmarkList.swift */ = {isa = PBXFileReference; lastKnownFileType = sourcecode.swift; path = LandmarkList.swift; sourceTree = "<group>"; };
		CB2369B327351F1E00E9DB97 /* LandmarkCell.swift */ = {isa = PBXFileReference; lastKnownFileType = sourcecode.swift; path = LandmarkCell.swift; sourceTree = "<group>"; };
		CB68E49A273BAC920009B2B8 /* Home.swift */ = {isa = PBXFileReference; lastKnownFileType = sourcecode.swift; path = Home.swift; sourceTree = "<group>"; };
		CB8F64B5273A0F7100999CEC /* UserData.swift */ = {isa = PBXFileReference; lastKnownFileType = sourcecode.swift; path = UserData.swift; sourceTree = "<group>"; };
		CB8F64B9273A43EF00999CEC /* Hike.swift */ = {isa = PBXFileReference; fileEncoding = 4; lastKnownFileType = sourcecode.swift; path = Hike.swift; sourceTree = "<group>"; };
		CB8F64BB273A441800999CEC /* hikeData.json */ = {isa = PBXFileReference; fileEncoding = 4; lastKnownFileType = text.json; path = hikeData.json; sourceTree = "<group>"; };
		CB8F64BD273A443000999CEC /* HikeGraph.swift */ = {isa = PBXFileReference; fileEncoding = 4; lastKnownFileType = sourcecode.swift; path = HikeGraph.swift; sourceTree = "<group>"; };
		CB8F64BE273A443000999CEC /* GraphCapsule.swift */ = {isa = PBXFileReference; fileEncoding = 4; lastKnownFileType = sourcecode.swift; path = GraphCapsule.swift; sourceTree = "<group>"; };
		CB8F64C1273A444B00999CEC /* HikeView.swift */ = {isa = PBXFileReference; fileEncoding = 4; lastKnownFileType = sourcecode.swift; path = HikeView.swift; sourceTree = "<group>"; };
/* End PBXFileReference section */

/* Begin PBXFrameworksBuildPhase section */
		CB2369932734DB4000E9DB97 /* Frameworks */ = {
			isa = PBXFrameworksBuildPhase;
			buildActionMask = 2147483647;
			files = (
			);
			runOnlyForDeploymentPostprocessing = 0;
		};
/* End PBXFrameworksBuildPhase section */

/* Begin PBXGroup section */
		CB23698D2734DB4000E9DB97 = {
			isa = PBXGroup;
			children = (
				CB2369982734DB4000E9DB97 /* ChinaLandMark */,
				CB2369972734DB4000E9DB97 /* Products */,
			);
			sourceTree = "<group>";
		};
		CB2369972734DB4000E9DB97 /* Products */ = {
			isa = PBXGroup;
			children = (
				CB2369962734DB4000E9DB97 /* ChinaLandMark.app */,
			);
			name = Products;
			sourceTree = "<group>";
		};
		CB2369982734DB4000E9DB97 /* ChinaLandMark */ = {
			isa = PBXGroup;
			children = (
				CB2369992734DB4000E9DB97 /* ChinaLandMarkApp.swift */,
				CB2369B127351F0D00E9DB97 /* LandmarkList.swift */,
				CB2369B327351F1E00E9DB97 /* LandmarkCell.swift */,
				CB2369A72734DED000E9DB97 /* LandmarkDetail.swift */,
				CB8F64C1273A444B00999CEC /* HikeView.swift */,
				CB68E49A273BAC920009B2B8 /* Home.swift */,
				CB2369AF27351E2000E9DB97 /* Views */,
				CB2369B027351E3800E9DB97 /* Models */,
				CB8F64B7273A439600999CEC /* Supporting Views */,
				CB8F64B8273A43CA00999CEC /* Resources */,
				CB23699D2734DB4400E9DB97 /* Assets.xcassets */,
				CB23699F2734DB4400E9DB97 /* Preview Content */,
			);
			path = ChinaLandMark;
			sourceTree = "<group>";
		};
		CB23699F2734DB4400E9DB97 /* Preview Content */ = {
			isa = PBXGroup;
			children = (
				CB2369A02734DB4400E9DB97 /* Preview Assets.xcassets */,
			);
			path = "Preview Content";
			sourceTree = "<group>";
		};
		CB2369AF27351E2000E9DB97 /* Views */ = {
			isa = PBXGroup;
			children = (
				CB1406D72769C5F8008D50D5 /* CategoryCell.swift */,
				CB2369A92735068E00E9DB97 /* MapView.swift */,
			);
			path = Views;
			sourceTree = "<group>";
		};
		CB2369B027351E3800E9DB97 /* Models */ = {
			isa = PBXGroup;
			children = (
				CB8F64B9273A43EF00999CEC /* Hike.swift */,
				CB2369AD27351D3F00E9DB97 /* Landmark.swift */,
				CB8F64B5273A0F7100999CEC /* UserData.swift */,
			);
			path = Models;
			sourceTree = "<group>";
		};
		CB8F64B7273A439600999CEC /* Supporting Views */ = {
			isa = PBXGroup;
			children = (
				CB8F64BE273A443000999CEC /* GraphCapsule.swift */,
				CB8F64BD273A443000999CEC /* HikeGraph.swift */,
			);
			path = "Supporting Views";
			sourceTree = "<group>";
		};
		CB8F64B8273A43CA00999CEC /* Resources */ = {
			isa = PBXGroup;
			children = (
				CB8F64BB273A441800999CEC /* hikeData.json */,
			);
			path = Resources;
			sourceTree = "<group>";
		};
/* End PBXGroup section */

/* Begin PBXNativeTarget section */
		CB2369952734DB4000E9DB97 /* ChinaLandMark */ = {
			isa = PBXNativeTarget;
			buildConfigurationList = CB2369A42734DB4400E9DB97 /* Build configuration list for PBXNativeTarget "ChinaLandMark" */;
			buildPhases = (
				CB2369922734DB4000E9DB97 /* Sources */,
				CB2369932734DB4000E9DB97 /* Frameworks */,
				CB2369942734DB4000E9DB97 /* Resources */,
			);
			buildRules = (
			);
			dependencies = (
			);
			name = ChinaLandMark;
			productName = ChinaLandMark;
			productReference = CB2369962734DB4000E9DB97 /* ChinaLandMark.app */;
			productType = "com.apple.product-type.application";
		};
/* End PBXNativeTarget section */

/* Begin PBXProject section */
		CB23698E2734DB4000E9DB97 /* Project object */ = {
			isa = PBXProject;
			attributes = {
				BuildIndependentTargetsInParallel = 1;
				LastSwiftUpdateCheck = 1300;
				LastUpgradeCheck = 1300;
				TargetAttributes = {
					CB2369952734DB4000E9DB97 = {
						CreatedOnToolsVersion = 13.0;
					};
				};
			};
			buildConfigurationList = CB2369912734DB4000E9DB97 /* Build configuration list for PBXProject "ChinaLandMark" */;
			compatibilityVersion = "Xcode 13.0";
			developmentRegion = en;
			hasScannedForEncodings = 0;
			knownRegions = (
				en,
				Base,
			);
			mainGroup = CB23698D2734DB4000E9DB97;
			productRefGroup = CB2369972734DB4000E9DB97 /* Products */;
			projectDirPath = "";
			projectRoot = "";
			targets = (
				CB2369952734DB4000E9DB97 /* ChinaLandMark */,
			);
		};
/* End PBXProject section */

/* Begin PBXResourcesBuildPhase section */
		CB2369942734DB4000E9DB97 /* Resources */ = {
			isa = PBXResourcesBuildPhase;
			buildActionMask = 2147483647;
			files = (
				CB2369A12734DB4400E9DB97 /* Preview Assets.xcassets in Resources */,
				CB8F64BC273A441800999CEC /* hikeData.json in Resources */,
				CB23699E2734DB4400E9DB97 /* Assets.xcassets in Resources */,
			);
			runOnlyForDeploymentPostprocessing = 0;
		};
/* End PBXResourcesBuildPhase section */

/* Begin PBXSourcesBuildPhase section */
		CB2369922734DB4000E9DB97 /* Sources */ = {
			isa = PBXSourcesBuildPhase;
			buildActionMask = 2147483647;
			files = (
				CB1406D82769C5F9008D50D5 /* CategoryCell.swift in Sources */,
				CB8F64C0273A443000999CEC /* GraphCapsule.swift in Sources */,
				CB2369AA2735068E00E9DB97 /* MapView.swift in Sources */,
				CB8F64C2273A444B00999CEC /* HikeView.swift in Sources */,
				CB8F64BF273A443000999CEC /* HikeGraph.swift in Sources */,
				CB2369B427351F1E00E9DB97 /* LandmarkCell.swift in Sources */,
				CB8F64B6273A0F7100999CEC /* UserData.swift in Sources */,
				CB2369A82734DED000E9DB97 /* LandmarkDetail.swift in Sources */,
				CB23699A2734DB4000E9DB97 /* ChinaLandMarkApp.swift in Sources */,
				CB2369AE27351D3F00E9DB97 /* Landmark.swift in Sources */,
				CB8F64BA273A43EF00999CEC /* Hike.swift in Sources */,
				CB68E49B273BAC920009B2B8 /* Home.swift in Sources */,
				CB2369B227351F0D00E9DB97 /* LandmarkList.swift in Sources */,
			);
			runOnlyForDeploymentPostprocessing = 0;
		};
/* End PBXSourcesBuildPhase section */

/* Begin XCBuildConfiguration section */
		CB2369A22734DB4400E9DB97 /* Debug */ = {
			isa = XCBuildConfiguration;
			buildSettings = {
				ALWAYS_SEARCH_USER_PATHS = NO;
				CLANG_ANALYZER_NONNULL = YES;
				CLANG_ANALYZER_NUMBER_OBJECT_CONVERSION = YES_AGGRESSIVE;
				CLANG_CXX_LANGUAGE_STANDARD = "gnu++17";
				CLANG_CXX_LIBRARY = "libc++";
				CLANG_ENABLE_MODULES = YES;
				CLANG_ENABLE_OBJC_ARC = YES;
				CLANG_ENABLE_OBJC_WEAK = YES;
				CLANG_WARN_BLOCK_CAPTURE_AUTORELEASING = YES;
				CLANG_WARN_BOOL_CONVERSION = YES;
				CLANG_WARN_COMMA = YES;
				CLANG_WARN_CONSTANT_CONVERSION = YES;
				CLANG_WARN_DEPRECATED_OBJC_IMPLEMENTATIONS = YES;
				CLANG_WARN_DIRECT_OBJC_ISA_USAGE = YES_ERROR;
				CLANG_WARN_DOCUMENTATION_COMMENTS = YES;
				CLANG_WARN_EMPTY_BODY = YES;
				CLANG_WARN_ENUM_CONVERSION = YES;
				CLANG_WARN_INFINITE_RECURSION = YES;
				CLANG_WARN_INT_CONVERSION = YES;
				CLANG_WARN_NON_LITERAL_NULL_CONVERSION = YES;
				CLANG_WARN_OBJC_IMPLICIT_RETAIN_SELF = YES;
				CLANG_WARN_OBJC_LITERAL_CONVERSION = YES;
				CLANG_WARN_OBJC_ROOT_CLASS = YES_ERROR;
				CLANG_WARN_QUOTED_INCLUDE_IN_FRAMEWORK_HEADER = YES;
				CLANG_WARN_RANGE_LOOP_ANALYSIS = YES;
				CLANG_WARN_STRICT_PROTOTYPES = YES;
				CLANG_WARN_SUSPICIOUS_MOVE = YES;
				CLANG_WARN_UNGUARDED_AVAILABILITY = YES_AGGRESSIVE;
				CLANG_WARN_UNREACHABLE_CODE = YES;
				CLANG_WARN__DUPLICATE_METHOD_MATCH = YES;
				COPY_PHASE_STRIP = NO;
				DEBUG_INFORMATION_FORMAT = dwarf;
				ENABLE_STRICT_OBJC_MSGSEND = YES;
				ENABLE_TESTABILITY = YES;
				GCC_C_LANGUAGE_STANDARD = gnu11;
				GCC_DYNAMIC_NO_PIC = NO;
				GCC_NO_COMMON_BLOCKS = YES;
				GCC_OPTIMIZATION_LEVEL = 0;
				GCC_PREPROCESSOR_DEFINITIONS = (
					"DEBUG=1",
					"$(inherited)",
				);
				GCC_WARN_64_TO_32_BIT_CONVERSION = YES;
				GCC_WARN_ABOUT_RETURN_TYPE = YES_ERROR;
				GCC_WARN_UNDECLARED_SELECTOR = YES;
				GCC_WARN_UNINITIALIZED_AUTOS = YES_AGGRESSIVE;
				GCC_WARN_UNUSED_FUNCTION = YES;
				GCC_WARN_UNUSED_VARIABLE = YES;
				IPHONEOS_DEPLOYMENT_TARGET = 15.0;
				MTL_ENABLE_DEBUG_INFO = INCLUDE_SOURCE;
				MTL_FAST_MATH = YES;
				ONLY_ACTIVE_ARCH = YES;
				SDKROOT = iphoneos;
				SWIFT_ACTIVE_COMPILATION_CONDITIONS = DEBUG;
				SWIFT_OPTIMIZATION_LEVEL = "-Onone";
			};
			name = Debug;
		};
		CB2369A32734DB4400E9DB97 /* Release */ = {
			isa = XCBuildConfiguration;
			buildSettings = {
				ALWAYS_SEARCH_USER_PATHS = NO;
				CLANG_ANALYZER_NONNULL = YES;
				CLANG_ANALYZER_NUMBER_OBJECT_CONVERSION = YES_AGGRESSIVE;
				CLANG_CXX_LANGUAGE_STANDARD = "gnu++17";
				CLANG_CXX_LIBRARY = "libc++";
				CLANG_ENABLE_MODULES = YES;
				CLANG_ENABLE_OBJC_ARC = YES;
				CLANG_ENABLE_OBJC_WEAK = YES;
				CLANG_WARN_BLOCK_CAPTURE_AUTORELEASING = YES;
				CLANG_WARN_BOOL_CONVERSION = YES;
				CLANG_WARN_COMMA = YES;
				CLANG_WARN_CONSTANT_CONVERSION = YES;
				CLANG_WARN_DEPRECATED_OBJC_IMPLEMENTATIONS = YES;
				CLANG_WARN_DIRECT_OBJC_ISA_USAGE = YES_ERROR;
				CLANG_WARN_DOCUMENTATION_COMMENTS = YES;
				CLANG_WARN_EMPTY_BODY = YES;
				CLANG_WARN_ENUM_CONVERSION = YES;
				CLANG_WARN_INFINITE_RECURSION = YES;
				CLANG_WARN_INT_CONVERSION = YES;
				CLANG_WARN_NON_LITERAL_NULL_CONVERSION = YES;
				CLANG_WARN_OBJC_IMPLICIT_RETAIN_SELF = YES;
				CLANG_WARN_OBJC_LITERAL_CONVERSION = YES;
				CLANG_WARN_OBJC_ROOT_CLASS = YES_ERROR;
				CLANG_WARN_QUOTED_INCLUDE_IN_FRAMEWORK_HEADER = YES;
				CLANG_WARN_RANGE_LOOP_ANALYSIS = YES;
				CLANG_WARN_STRICT_PROTOTYPES = YES;
				CLANG_WARN_SUSPICIOUS_MOVE = YES;
				CLANG_WARN_UNGUARDED_AVAILABILITY = YES_AGGRESSIVE;
				CLANG_WARN_UNREACHABLE_CODE = YES;
				CLANG_WARN__DUPLICATE_METHOD_MATCH = YES;
				COPY_PHASE_STRIP = NO;
				DEBUG_INFORMATION_FORMAT = "dwarf-with-dsym";
				ENABLE_NS_ASSERTIONS = NO;
				ENABLE_STRICT_OBJC_MSGSEND = YES;
				GCC_C_LANGUAGE_STANDARD = gnu11;
				GCC_NO_COMMON_BLOCKS = YES;
				GCC_WARN_64_TO_32_BIT_CONVERSION = YES;
				GCC_WARN_ABOUT_RETURN_TYPE = YES_ERROR;
				GCC_WARN_UNDECLARED_SELECTOR = YES;
				GCC_WARN_UNINITIALIZED_AUTOS = YES_AGGRESSIVE;
				GCC_WARN_UNUSED_FUNCTION = YES;
				GCC_WARN_UNUSED_VARIABLE = YES;
				IPHONEOS_DEPLOYMENT_TARGET = 15.0;
				MTL_ENABLE_DEBUG_INFO = NO;
				MTL_FAST_MATH = YES;
				SDKROOT = iphoneos;
				SWIFT_COMPILATION_MODE = wholemodule;
				SWIFT_OPTIMIZATION_LEVEL = "-O";
				VALIDATE_PRODUCT = YES;
			};
			name = Release;
		};
		CB2369A52734DB4400E9DB97 /* Debug */ = {
			isa = XCBuildConfiguration;
			buildSettings = {
				ASSETCATALOG_COMPILER_APPICON_NAME = AppIcon;
				ASSETCATALOG_COMPILER_GLOBAL_ACCENT_COLOR_NAME = AccentColor;
				CODE_SIGN_STYLE = Automatic;
				CURRENT_PROJECT_VERSION = 1;
				DEVELOPMENT_ASSET_PATHS = "\"ChinaLandMark/Preview Content\"";
				DEVELOPMENT_TEAM = 9R8Q2NVT8X;
				ENABLE_PREVIEWS = YES;
				GENERATE_INFOPLIST_FILE = YES;
				INFOPLIST_KEY_UIApplicationSceneManifest_Generation = YES;
				INFOPLIST_KEY_UIApplicationSupportsIndirectInputEvents = YES;
				INFOPLIST_KEY_UILaunchScreen_Generation = YES;
				INFOPLIST_KEY_UISupportedInterfaceOrientations_iPad = "UIInterfaceOrientationPortrait UIInterfaceOrientationPortraitUpsideDown UIInterfaceOrientationLandscapeLeft UIInterfaceOrientationLandscapeRight";
				INFOPLIST_KEY_UISupportedInterfaceOrientations_iPhone = "UIInterfaceOrientationPortrait UIInterfaceOrientationLandscapeLeft UIInterfaceOrientationLandscapeRight";
				IPHONEOS_DEPLOYMENT_TARGET = 14.0;
				LD_RUNPATH_SEARCH_PATHS = (
					"$(inherited)",
					"@executable_path/Frameworks",
				);
				MARKETING_VERSION = 1.0;
				PRODUCT_BUNDLE_IDENTIFIER = JiX.ChinaLandMark;
				PRODUCT_NAME = "$(TARGET_NAME)";
				SWIFT_EMIT_LOC_STRINGS = YES;
				SWIFT_VERSION = 5.0;
				TARGETED_DEVICE_FAMILY = "1,2";
			};
			name = Debug;
		};
		CB2369A62734DB4400E9DB97 /* Release */ = {
			isa = XCBuildConfiguration;
			buildSettings = {
				ASSETCATALOG_COMPILER_APPICON_NAME = AppIcon;
				ASSETCATALOG_COMPILER_GLOBAL_ACCENT_COLOR_NAME = AccentColor;
				CODE_SIGN_STYLE = Automatic;
				CURRENT_PROJECT_VERSION = 1;
				DEVELOPMENT_ASSET_PATHS = "\"ChinaLandMark/Preview Content\"";
				DEVELOPMENT_TEAM = 9R8Q2NVT8X;
				ENABLE_PREVIEWS = YES;
				GENERATE_INFOPLIST_FILE = YES;
				INFOPLIST_KEY_UIApplicationSceneManifest_Generation = YES;
				INFOPLIST_KEY_UIApplicationSupportsIndirectInputEvents = YES;
				INFOPLIST_KEY_UILaunchScreen_Generation = YES;
				INFOPLIST_KEY_UISupportedInterfaceOrientations_iPad = "UIInterfaceOrientationPortrait UIInterfaceOrientationPortraitUpsideDown UIInterfaceOrientationLandscapeLeft UIInterfaceOrientationLandscapeRight";
				INFOPLIST_KEY_UISupportedInterfaceOrientations_iPhone = "UIInterfaceOrientationPortrait UIInterfaceOrientationLandscapeLeft UIInterfaceOrientationLandscapeRight";
				IPHONEOS_DEPLOYMENT_TARGET = 14.0;
				LD_RUNPATH_SEARCH_PATHS = (
					"$(inherited)",
					"@executable_path/Frameworks",
				);
				MARKETING_VERSION = 1.0;
				PRODUCT_BUNDLE_IDENTIFIER = JiX.ChinaLandMark;
				PRODUCT_NAME = "$(TARGET_NAME)";
				SWIFT_EMIT_LOC_STRINGS = YES;
				SWIFT_VERSION = 5.0;
				TARGETED_DEVICE_FAMILY = "1,2";
			};
			name = Release;
		};
/* End XCBuildConfiguration section */

/* Begin XCConfigurationList section */
		CB2369912734DB4000E9DB97 /* Build configuration list for PBXProject "ChinaLandMark" */ = {
			isa = XCConfigurationList;
			buildConfigurations = (
				CB2369A22734DB4400E9DB97 /* Debug */,
				CB2369A32734DB4400E9DB97 /* Release */,
			);
			defaultConfigurationIsVisible = 0;
			defaultConfigurationName = Release;
		};
		CB2369A42734DB4400E9DB97 /* Build configuration list for PBXNativeTarget "ChinaLandMark" */ = {
			isa = XCConfigurationList;
			buildConfigurations = (
				CB2369A52734DB4400E9DB97 /* Debug */,
				CB2369A62734DB4400E9DB97 /* Release */,
			);
			defaultConfigurationIsVisible = 0;
			defaultConfigurationName = Release;
		};
/* End XCConfigurationList section */
	};
	rootObject = CB23698E2734DB4000E9DB97 /* Project object */;
}
